{
  "name": "vpivanova.github.io",
  "lockfileVersion": 3,
  "requires": true,
  "packages": {
    "": {
      "dependencies": {
        "@microsoft/clarity": "^1.0.0"
      }
    },
    "node_modules/@microsoft/clarity": {
      "version": "1.0.0",
      "resolved": "https://registry.npmjs.org/@microsoft/clarity/-/clarity-1.0.0.tgz",
      "integrity": "sha512-2QY6SmXnqRj6dWhNY8NYCN3e53j4zCFebH4wGnNhdGV1mqAsQwql2fT0w8TISxCvwwfVp8idsWLIdrRHOms1PQ==",
      "license": "MIT"
    }
  }
}
